
Microsoft Visual Studio Solution File, Format Version 12.00
# Visual Studio 14
VisualStudioVersion = 14.0.23107.0
MinimumVisualStudioVersion = 10.0.40219.1
Project("{FAE04EC0-301F-11D3-BF4B-00C04F79EFBC}") = "SmartNet.OPEManager.Data", "SmartNet.OPEManager.Data\SmartNet.OPEManager.Data.csproj", "{34D48C2C-D2D3-457D-A3E9-CE65D8FAFF3A}"
EndProject
Project("{FAE04EC0-301F-11D3-BF4B-00C04F79EFBC}") = "ConsoleApp", "ConsoleApp\ConsoleApp.csproj", "{977E0E3D-0FEA-442C-B66C-D53C008E7233}"
EndProject
Project("{FAE04EC0-301F-11D3-BF4B-00C04F79EFBC}") = "SmartNet.OPEManager.Domain", "SmartNet.OPEManager.Domain\SmartNet.OPEManager.Domain.csproj", "{1C6489F4-FA6F-4791-933A-F16CACF5DA16}"
EndProject
Project("{2150E333-8FDC-42A3-9474-1A3956D46DE8}") = "4 - Infra", "4 - Infra", "{19BF2A14-DCCB-4BCB-8801-D91BFEFF2CC2}"
EndProject
Project("{2150E333-8FDC-42A3-9474-1A3956D46DE8}") = "3 - Domínio", "3 - Domínio", "{160CEC2F-0B57-4795-9CBD-4652BAD859C7}"
EndProject
Project("{2150E333-8FDC-42A3-9474-1A3956D46DE8}") = "1 - Apresentação", "1 - Apresentação", "{ED6C0592-B9D8-4902-9202-416A48D3A674}"
EndProject
Project("{2150E333-8FDC-42A3-9474-1A3956D46DE8}") = "2 - Aplicação", "2 - Aplicação", "{E851D69D-F5AF-4798-8194-243A6DF6ED33}"
EndProject
Project("{FAE04EC0-301F-11D3-BF4B-00C04F79EFBC}") = "LayoutGestaoOPE", "SmartNet.OPEManager.Presentation\LayoutGestaoOPE.csproj", "{6C0520A3-5166-4E72-9601-3C67464BE067}"
EndProject
Project("{FAE04EC0-301F-11D3-BF4B-00C04F79EFBC}") = "GangOfSeven.OPEManager.Application", "GangOfSeven.OPEManager.Application\GangOfSeven.OPEManager.Application.csproj", "{3C282C40-ACA4-461A-8153-CF8DBAD254B1}"
EndProject
Project("{FAE04EC0-301F-11D3-BF4B-00C04F79EFBC}") = "ConsoleApp_2", "ConsoleApp_2\ConsoleApp_2.csproj", "{B2CF8DBB-A0B8-499C-B833-CDBDF86B198A}"
EndProject
Global
	GlobalSection(SolutionConfigurationPlatforms) = preSolution
		Debug|Any CPU = Debug|Any CPU
		Release|Any CPU = Release|Any CPU
	EndGlobalSection
	GlobalSection(ProjectConfigurationPlatforms) = postSolution
		{34D48C2C-D2D3-457D-A3E9-CE65D8FAFF3A}.Debug|Any CPU.ActiveCfg = Debug|Any CPU
		{34D48C2C-D2D3-457D-A3E9-CE65D8FAFF3A}.Debug|Any CPU.Build.0 = Debug|Any CPU
		{34D48C2C-D2D3-457D-A3E9-CE65D8FAFF3A}.Release|Any CPU.ActiveCfg = Release|Any CPU
		{34D48C2C-D2D3-457D-A3E9-CE65D8FAFF3A}.Release|Any CPU.Build.0 = Release|Any CPU
		{977E0E3D-0FEA-442C-B66C-D53C008E7233}.Debug|Any CPU.ActiveCfg = Debug|Any CPU
		{977E0E3D-0FEA-442C-B66C-D53C008E7233}.Debug|Any CPU.Build.0 = Debug|Any CPU
		{977E0E3D-0FEA-442C-B66C-D53C008E7233}.Release|Any CPU.ActiveCfg = Release|Any CPU
		{977E0E3D-0FEA-442C-B66C-D53C008E7233}.Release|Any CPU.Build.0 = Release|Any CPU
		{1C6489F4-FA6F-4791-933A-F16CACF5DA16}.Debug|Any CPU.ActiveCfg = Debug|Any CPU
		{1C6489F4-FA6F-4791-933A-F16CACF5DA16}.Debug|Any CPU.Build.0 = Debug|Any CPU
		{1C6489F4-FA6F-4791-933A-F16CACF5DA16}.Release|Any CPU.ActiveCfg = Release|Any CPU
		{1C6489F4-FA6F-4791-933A-F16CACF5DA16}.Release|Any CPU.Build.0 = Release|Any CPU
		{6C0520A3-5166-4E72-9601-3C67464BE067}.Debug|Any CPU.ActiveCfg = Debug|Any CPU
		{6C0520A3-5166-4E72-9601-3C67464BE067}.Debug|Any CPU.Build.0 = Debug|Any CPU
		{6C0520A3-5166-4E72-9601-3C67464BE067}.Release|Any CPU.ActiveCfg = Release|Any CPU
		{6C0520A3-5166-4E72-9601-3C67464BE067}.Release|Any CPU.Build.0 = Release|Any CPU
		{3C282C40-ACA4-461A-8153-CF8DBAD254B1}.Debug|Any CPU.ActiveCfg = Debug|Any CPU
		{3C282C40-ACA4-461A-8153-CF8DBAD254B1}.Debug|Any CPU.Build.0 = Debug|Any CPU
		{3C282C40-ACA4-461A-8153-CF8DBAD254B1}.Release|Any CPU.ActiveCfg = Release|Any CPU
		{3C282C40-ACA4-461A-8153-CF8DBAD254B1}.Release|Any CPU.Build.0 = Release|Any CPU
		{B2CF8DBB-A0B8-499C-B833-CDBDF86B198A}.Debug|Any CPU.ActiveCfg = Debug|Any CPU
		{B2CF8DBB-A0B8-499C-B833-CDBDF86B198A}.Debug|Any CPU.Build.0 = Debug|Any CPU
		{B2CF8DBB-A0B8-499C-B833-CDBDF86B198A}.Release|Any CPU.ActiveCfg = Release|Any CPU
		{B2CF8DBB-A0B8-499C-B833-CDBDF86B198A}.Release|Any CPU.Build.0 = Release|Any CPU
	EndGlobalSection
	GlobalSection(SolutionProperties) = preSolution
		HideSolutionNode = FALSE
	EndGlobalSection
	GlobalSection(NestedProjects) = preSolution
		{34D48C2C-D2D3-457D-A3E9-CE65D8FAFF3A} = {19BF2A14-DCCB-4BCB-8801-D91BFEFF2CC2}
		{977E0E3D-0FEA-442C-B66C-D53C008E7233} = {ED6C0592-B9D8-4902-9202-416A48D3A674}
		{1C6489F4-FA6F-4791-933A-F16CACF5DA16} = {160CEC2F-0B57-4795-9CBD-4652BAD859C7}
		{6C0520A3-5166-4E72-9601-3C67464BE067} = {ED6C0592-B9D8-4902-9202-416A48D3A674}
		{3C282C40-ACA4-461A-8153-CF8DBAD254B1} = {E851D69D-F5AF-4798-8194-243A6DF6ED33}
		{B2CF8DBB-A0B8-499C-B833-CDBDF86B198A} = {ED6C0592-B9D8-4902-9202-416A48D3A674}
	EndGlobalSection
EndGlobal
